
Microsoft Visual Studio Solution File, Format Version 12.00
# Visual Studio Version 16
VisualStudioVersion = 16.0.31702.278
MinimumVisualStudioVersion = 10.0.40219.1
Project("{FAE04EC0-301F-11D3-BF4B-00C04F79EFBC}") = "SubsLtrMarker", "SubsLtrMarker\SubsLtrMarker.csproj", "{4734746C-3B5E-4F86-BD08-953C04D7E270}"
EndProject
Global
	GlobalSection(SolutionConfigurationPlatforms) = preSolution
		Debug|Any CPU = Debug|Any CPU
		Release|Any CPU = Release|Any CPU
	EndGlobalSection
	GlobalSection(ProjectConfigurationPlatforms) = postSolution
		{4734746C-3B5E-4F86-BD08-953C04D7E270}.Debug|Any CPU.ActiveCfg = Debug|Any CPU
		{4734746C-3B5E-4F86-BD08-953C04D7E270}.Debug|Any CPU.Build.0 = Debug|Any CPU
		{4734746C-3B5E-4F86-BD08-953C04D7E270}.Release|Any CPU.ActiveCfg = Release|Any CPU
		{4734746C-3B5E-4F86-BD08-953C04D7E270}.Release|Any CPU.Build.0 = Release|Any CPU
	EndGlobalSection
	GlobalSection(SolutionProperties) = preSolution
		HideSolutionNode = FALSE
	EndGlobalSection
	GlobalSection(ExtensibilityGlobals) = postSolution
		SolutionGuid = {AD0B0750-9AE7-42CD-951D-AAF8E8EA554E}
	EndGlobalSection
EndGlobal
